// !$*UTF8*$!
{
	archiveVersion = 1;
	classes = {
	};
	objectVersion = 50;
	objects = {

/* Begin PBXBuildFile section */
		DB82AF4F22036DD400ECD9A1 /* FriendsTableViewController.swift in Sources */ = {isa = PBXBuildFile; fileRef = DB82AF4E22036DD400ECD9A1 /* FriendsTableViewController.swift */; };
		DB82AF5122036DE500ECD9A1 /* GroupsTableViewController.swift in Sources */ = {isa = PBXBuildFile; fileRef = DB82AF5022036DE500ECD9A1 /* GroupsTableViewController.swift */; };
		DB82AF54220382C500ECD9A1 /* FriendsTableViewCell.swift in Sources */ = {isa = PBXBuildFile; fileRef = DB82AF53220382C500ECD9A1 /* FriendsTableViewCell.swift */; };
		DBA04A3E220401B70023F0FF /* FriendModel.swift in Sources */ = {isa = PBXBuildFile; fileRef = DBA04A3D220401B70023F0FF /* FriendModel.swift */; };
		DBA04A4222041E7E0023F0FF /* FriendCollectionViewController.swift in Sources */ = {isa = PBXBuildFile; fileRef = DBA04A4122041E7D0023F0FF /* FriendCollectionViewController.swift */; };
		DBA04A44220428380023F0FF /* FriendCollectionViewCell.swift in Sources */ = {isa = PBXBuildFile; fileRef = DBA04A43220428380023F0FF /* FriendCollectionViewCell.swift */; };
		DBBBB2E021F3307200F3C43F /* AppDelegate.swift in Sources */ = {isa = PBXBuildFile; fileRef = DBBBB2DF21F3307200F3C43F /* AppDelegate.swift */; };
		DBBBB2E521F3307200F3C43F /* Main.storyboard in Resources */ = {isa = PBXBuildFile; fileRef = DBBBB2E321F3307200F3C43F /* Main.storyboard */; };
		DBBBB2E721F3307600F3C43F /* Assets.xcassets in Resources */ = {isa = PBXBuildFile; fileRef = DBBBB2E621F3307600F3C43F /* Assets.xcassets */; };
		DBBBB2EA21F3307600F3C43F /* LaunchScreen.storyboard in Resources */ = {isa = PBXBuildFile; fileRef = DBBBB2E821F3307600F3C43F /* LaunchScreen.storyboard */; };
		DBBBB2F221F3324C00F3C43F /* LoginFormController.swift in Sources */ = {isa = PBXBuildFile; fileRef = DBBBB2F121F3324C00F3C43F /* LoginFormController.swift */; };
		DBEAAD9321F4E12C00353476 /* Helpers.swift in Sources */ = {isa = PBXBuildFile; fileRef = DBEAAD9221F4E12C00353476 /* Helpers.swift */; };
/* End PBXBuildFile section */

/* Begin PBXFileReference section */
		DB82AF4E22036DD400ECD9A1 /* FriendsTableViewController.swift */ = {isa = PBXFileReference; lastKnownFileType = sourcecode.swift; path = FriendsTableViewController.swift; sourceTree = "<group>"; };
		DB82AF5022036DE500ECD9A1 /* GroupsTableViewController.swift */ = {isa = PBXFileReference; lastKnownFileType = sourcecode.swift; path = GroupsTableViewController.swift; sourceTree = "<group>"; };
		DB82AF53220382C500ECD9A1 /* FriendsTableViewCell.swift */ = {isa = PBXFileReference; lastKnownFileType = sourcecode.swift; path = FriendsTableViewCell.swift; sourceTree = "<group>"; };
		DBA04A3D220401B70023F0FF /* FriendModel.swift */ = {isa = PBXFileReference; lastKnownFileType = sourcecode.swift; path = FriendModel.swift; sourceTree = "<group>"; };
		DBA04A4122041E7D0023F0FF /* FriendCollectionViewController.swift */ = {isa = PBXFileReference; lastKnownFileType = sourcecode.swift; path = FriendCollectionViewController.swift; sourceTree = "<group>"; };
		DBA04A43220428380023F0FF /* FriendCollectionViewCell.swift */ = {isa = PBXFileReference; lastKnownFileType = sourcecode.swift; path = FriendCollectionViewCell.swift; sourceTree = "<group>"; };
		DBBBB2DC21F3307200F3C43F /* WeatherApp.app */ = {isa = PBXFileReference; explicitFileType = wrapper.application; includeInIndex = 0; path = WeatherApp.app; sourceTree = BUILT_PRODUCTS_DIR; };
		DBBBB2DF21F3307200F3C43F /* AppDelegate.swift */ = {isa = PBXFileReference; lastKnownFileType = sourcecode.swift; path = AppDelegate.swift; sourceTree = "<group>"; };
		DBBBB2E421F3307200F3C43F /* Base */ = {isa = PBXFileReference; lastKnownFileType = file.storyboard; name = Base; path = Base.lproj/Main.storyboard; sourceTree = "<group>"; };
		DBBBB2E621F3307600F3C43F /* Assets.xcassets */ = {isa = PBXFileReference; lastKnownFileType = folder.assetcatalog; path = Assets.xcassets; sourceTree = "<group>"; };
		DBBBB2E921F3307600F3C43F /* Base */ = {isa = PBXFileReference; lastKnownFileType = file.storyboard; name = Base; path = Base.lproj/LaunchScreen.storyboard; sourceTree = "<group>"; };
		DBBBB2EB21F3307600F3C43F /* Info.plist */ = {isa = PBXFileReference; lastKnownFileType = text.plist.xml; path = Info.plist; sourceTree = "<group>"; };
		DBBBB2F121F3324C00F3C43F /* LoginFormController.swift */ = {isa = PBXFileReference; lastKnownFileType = sourcecode.swift; path = LoginFormController.swift; sourceTree = "<group>"; };
		DBBBB2F421F3353200F3C43F /* en */ = {isa = PBXFileReference; lastKnownFileType = text.plist.strings; name = en; path = en.lproj/Main.strings; sourceTree = "<group>"; };
		DBEAAD9221F4E12C00353476 /* Helpers.swift */ = {isa = PBXFileReference; lastKnownFileType = sourcecode.swift; path = Helpers.swift; sourceTree = "<group>"; };
/* End PBXFileReference section */

/* Begin PBXFrameworksBuildPhase section */
		DBBBB2D921F3307200F3C43F /* Frameworks */ = {
			isa = PBXFrameworksBuildPhase;
			buildActionMask = 2147483647;
			files = (
			);
			runOnlyForDeploymentPostprocessing = 0;
		};
/* End PBXFrameworksBuildPhase section */

/* Begin PBXGroup section */
		DB82AF522203829B00ECD9A1 /* Cells */ = {
			isa = PBXGroup;
			children = (
				DB82AF53220382C500ECD9A1 /* FriendsTableViewCell.swift */,
				DBA04A43220428380023F0FF /* FriendCollectionViewCell.swift */,
			);
			path = Cells;
			sourceTree = "<group>";
		};
		DBA04A3A220400BA0023F0FF /* Models */ = {
			isa = PBXGroup;
			children = (
				DBA04A3D220401B70023F0FF /* FriendModel.swift */,
			);
			path = Models;
			sourceTree = "<group>";
		};
		DBBBB2D321F3307200F3C43F = {
			isa = PBXGroup;
			children = (
				DBBBB2DE21F3307200F3C43F /* WeatherApp */,
				DBBBB2DD21F3307200F3C43F /* Products */,
			);
			sourceTree = "<group>";
		};
		DBBBB2DD21F3307200F3C43F /* Products */ = {
			isa = PBXGroup;
			children = (
				DBBBB2DC21F3307200F3C43F /* WeatherApp.app */,
			);
			name = Products;
			sourceTree = "<group>";
		};
		DBBBB2DE21F3307200F3C43F /* WeatherApp */ = {
			isa = PBXGroup;
			children = (
				DBA04A3A220400BA0023F0FF /* Models */,
				DB82AF522203829B00ECD9A1 /* Cells */,
				DBEAAD9121F4E10400353476 /* Controllers */,
				DBEAAD9021F4E0F600353476 /* Helpers */,
				DBBBB2DF21F3307200F3C43F /* AppDelegate.swift */,
				DBBBB2E321F3307200F3C43F /* Main.storyboard */,
				DBBBB2E821F3307600F3C43F /* LaunchScreen.storyboard */,
				DBBBB2E621F3307600F3C43F /* Assets.xcassets */,
				DBBBB2EB21F3307600F3C43F /* Info.plist */,
			);
			path = WeatherApp;
			sourceTree = "<group>";
		};
		DBEAAD9021F4E0F600353476 /* Helpers */ = {
			isa = PBXGroup;
			children = (
				DBEAAD9221F4E12C00353476 /* Helpers.swift */,
			);
			path = Helpers;
			sourceTree = "<group>";
		};
		DBEAAD9121F4E10400353476 /* Controllers */ = {
			isa = PBXGroup;
			children = (
				DBBBB2F121F3324C00F3C43F /* LoginFormController.swift */,
				DB82AF4E22036DD400ECD9A1 /* FriendsTableViewController.swift */,
				DB82AF5022036DE500ECD9A1 /* GroupsTableViewController.swift */,
				DBA04A4122041E7D0023F0FF /* FriendCollectionViewController.swift */,
			);
			path = Controllers;
			sourceTree = "<group>";
		};
/* End PBXGroup section */

/* Begin PBXNativeTarget section */
		DBBBB2DB21F3307200F3C43F /* WeatherApp */ = {
			isa = PBXNativeTarget;
			buildConfigurationList = DBBBB2EE21F3307600F3C43F /* Build configuration list for PBXNativeTarget "WeatherApp" */;
			buildPhases = (
				DBBBB2D821F3307200F3C43F /* Sources */,
				DBBBB2D921F3307200F3C43F /* Frameworks */,
				DBBBB2DA21F3307200F3C43F /* Resources */,
			);
			buildRules = (
			);
			dependencies = (
			);
			name = WeatherApp;
			productName = WeatherApp;
			productReference = DBBBB2DC21F3307200F3C43F /* WeatherApp.app */;
			productType = "com.apple.product-type.application";
		};
/* End PBXNativeTarget section */

/* Begin PBXProject section */
		DBBBB2D421F3307200F3C43F /* Project object */ = {
			isa = PBXProject;
			attributes = {
				LastSwiftUpdateCheck = 1010;
				LastUpgradeCheck = 1010;
				ORGANIZATIONNAME = "Aleksey Sidorov";
				TargetAttributes = {
					DBBBB2DB21F3307200F3C43F = {
						CreatedOnToolsVersion = 10.1;
					};
				};
			};
			buildConfigurationList = DBBBB2D721F3307200F3C43F /* Build configuration list for PBXProject "WeatherApp" */;
			compatibilityVersion = "Xcode 9.3";
			developmentRegion = en;
			hasScannedForEncodings = 0;
			knownRegions = (
				en,
				Base,
			);
			mainGroup = DBBBB2D321F3307200F3C43F;
			productRefGroup = DBBBB2DD21F3307200F3C43F /* Products */;
			projectDirPath = "";
			projectRoot = "";
			targets = (
				DBBBB2DB21F3307200F3C43F /* WeatherApp */,
			);
		};
/* End PBXProject section */

/* Begin PBXResourcesBuildPhase section */
		DBBBB2DA21F3307200F3C43F /* Resources */ = {
			isa = PBXResourcesBuildPhase;
			buildActionMask = 2147483647;
			files = (
				DBBBB2EA21F3307600F3C43F /* LaunchScreen.storyboard in Resources */,
				DBBBB2E721F3307600F3C43F /* Assets.xcassets in Resources */,
				DBBBB2E521F3307200F3C43F /* Main.storyboard in Resources */,
			);
			runOnlyForDeploymentPostprocessing = 0;
		};
/* End PBXResourcesBuildPhase section */

/* Begin PBXSourcesBuildPhase section */
		DBBBB2D821F3307200F3C43F /* Sources */ = {
			isa = PBXSourcesBuildPhase;
			buildActionMask = 2147483647;
			files = (
				DBA04A44220428380023F0FF /* FriendCollectionViewCell.swift in Sources */,
				DBBBB2E021F3307200F3C43F /* AppDelegate.swift in Sources */,
				DBEAAD9321F4E12C00353476 /* Helpers.swift in Sources */,
				DBA04A4222041E7E0023F0FF /* FriendCollectionViewController.swift in Sources */,
				DB82AF54220382C500ECD9A1 /* FriendsTableViewCell.swift in Sources */,
				DBBBB2F221F3324C00F3C43F /* LoginFormController.swift in Sources */,
				DBA04A3E220401B70023F0FF /* FriendModel.swift in Sources */,
				DB82AF4F22036DD400ECD9A1 /* FriendsTableViewController.swift in Sources */,
				DB82AF5122036DE500ECD9A1 /* GroupsTableViewController.swift in Sources */,
			);
			runOnlyForDeploymentPostprocessing = 0;
		};
/* End PBXSourcesBuildPhase section */

/* Begin PBXVariantGroup section */
		DBBBB2E321F3307200F3C43F /* Main.storyboard */ = {
			isa = PBXVariantGroup;
			children = (
				DBBBB2E421F3307200F3C43F /* Base */,
				DBBBB2F421F3353200F3C43F /* en */,
			);
			name = Main.storyboard;
			sourceTree = "<group>";
		};
		DBBBB2E821F3307600F3C43F /* LaunchScreen.storyboard */ = {
			isa = PBXVariantGroup;
			children = (
				DBBBB2E921F3307600F3C43F /* Base */,
			);
			name = LaunchScreen.storyboard;
			sourceTree = "<group>";
		};
/* End PBXVariantGroup section */

/* Begin XCBuildConfiguration section */
		DBBBB2EC21F3307600F3C43F /* Debug */ = {
			isa = XCBuildConfiguration;
			buildSettings = {
				ALWAYS_SEARCH_USER_PATHS = NO;
				CLANG_ANALYZER_NONNULL = YES;
				CLANG_ANALYZER_NUMBER_OBJECT_CONVERSION = YES_AGGRESSIVE;
				CLANG_CXX_LANGUAGE_STANDARD = "gnu++14";
				CLANG_CXX_LIBRARY = "libc++";
				CLANG_ENABLE_MODULES = YES;
				CLANG_ENABLE_OBJC_ARC = YES;
				CLANG_ENABLE_OBJC_WEAK = YES;
				CLANG_WARN_BLOCK_CAPTURE_AUTORELEASING = YES;
				CLANG_WARN_BOOL_CONVERSION = YES;
				CLANG_WARN_COMMA = YES;
				CLANG_WARN_CONSTANT_CONVERSION = YES;
				CLANG_WARN_DEPRECATED_OBJC_IMPLEMENTATIONS = YES;
				CLANG_WARN_DIRECT_OBJC_ISA_USAGE = YES_ERROR;
				CLANG_WARN_DOCUMENTATION_COMMENTS = YES;
				CLANG_WARN_EMPTY_BODY = YES;
				CLANG_WARN_ENUM_CONVERSION = YES;
				CLANG_WARN_INFINITE_RECURSION = YES;
				CLANG_WARN_INT_CONVERSION = YES;
				CLANG_WARN_NON_LITERAL_NULL_CONVERSION = YES;
				CLANG_WARN_OBJC_IMPLICIT_RETAIN_SELF = YES;
				CLANG_WARN_OBJC_LITERAL_CONVERSION = YES;
				CLANG_WARN_OBJC_ROOT_CLASS = YES_ERROR;
				CLANG_WARN_RANGE_LOOP_ANALYSIS = YES;
				CLANG_WARN_STRICT_PROTOTYPES = YES;
				CLANG_WARN_SUSPICIOUS_MOVE = YES;
				CLANG_WARN_UNGUARDED_AVAILABILITY = YES_AGGRESSIVE;
				CLANG_WARN_UNREACHABLE_CODE = YES;
				CLANG_WARN__DUPLICATE_METHOD_MATCH = YES;
				CODE_SIGN_IDENTITY = "iPhone Developer";
				COPY_PHASE_STRIP = NO;
				DEBUG_INFORMATION_FORMAT = dwarf;
				ENABLE_STRICT_OBJC_MSGSEND = YES;
				ENABLE_TESTABILITY = YES;
				GCC_C_LANGUAGE_STANDARD = gnu11;
				GCC_DYNAMIC_NO_PIC = NO;
				GCC_NO_COMMON_BLOCKS = YES;
				GCC_OPTIMIZATION_LEVEL = 0;
				GCC_PREPROCESSOR_DEFINITIONS = (
					"DEBUG=1",
					"$(inherited)",
				);
				GCC_WARN_64_TO_32_BIT_CONVERSION = YES;
				GCC_WARN_ABOUT_RETURN_TYPE = YES_ERROR;
				GCC_WARN_UNDECLARED_SELECTOR = YES;
				GCC_WARN_UNINITIALIZED_AUTOS = YES_AGGRESSIVE;
				GCC_WARN_UNUSED_FUNCTION = YES;
				GCC_WARN_UNUSED_VARIABLE = YES;
				IPHONEOS_DEPLOYMENT_TARGET = 11.4;
				MTL_ENABLE_DEBUG_INFO = INCLUDE_SOURCE;
				MTL_FAST_MATH = YES;
				ONLY_ACTIVE_ARCH = YES;
				SDKROOT = iphoneos;
				SWIFT_ACTIVE_COMPILATION_CONDITIONS = DEBUG;
				SWIFT_OPTIMIZATION_LEVEL = "-Onone";
			};
			name = Debug;
		};
		DBBBB2ED21F3307600F3C43F /* Release */ = {
			isa = XCBuildConfiguration;
			buildSettings = {
				ALWAYS_SEARCH_USER_PATHS = NO;
				CLANG_ANALYZER_NONNULL = YES;
				CLANG_ANALYZER_NUMBER_OBJECT_CONVERSION = YES_AGGRESSIVE;
				CLANG_CXX_LANGUAGE_STANDARD = "gnu++14";
				CLANG_CXX_LIBRARY = "libc++";
				CLANG_ENABLE_MODULES = YES;
				CLANG_ENABLE_OBJC_ARC = YES;
				CLANG_ENABLE_OBJC_WEAK = YES;
				CLANG_WARN_BLOCK_CAPTURE_AUTORELEASING = YES;
				CLANG_WARN_BOOL_CONVERSION = YES;
				CLANG_WARN_COMMA = YES;
				CLANG_WARN_CONSTANT_CONVERSION = YES;
				CLANG_WARN_DEPRECATED_OBJC_IMPLEMENTATIONS = YES;
				CLANG_WARN_DIRECT_OBJC_ISA_USAGE = YES_ERROR;
				CLANG_WARN_DOCUMENTATION_COMMENTS = YES;
				CLANG_WARN_EMPTY_BODY = YES;
				CLANG_WARN_ENUM_CONVERSION = YES;
				CLANG_WARN_INFINITE_RECURSION = YES;
				CLANG_WARN_INT_CONVERSION = YES;
				CLANG_WARN_NON_LITERAL_NULL_CONVERSION = YES;
				CLANG_WARN_OBJC_IMPLICIT_RETAIN_SELF = YES;
				CLANG_WARN_OBJC_LITERAL_CONVERSION = YES;
				CLANG_WARN_OBJC_ROOT_CLASS = YES_ERROR;
				CLANG_WARN_RANGE_LOOP_ANALYSIS = YES;
				CLANG_WARN_STRICT_PROTOTYPES = YES;
				CLANG_WARN_SUSPICIOUS_MOVE = YES;
				CLANG_WARN_UNGUARDED_AVAILABILITY = YES_AGGRESSIVE;
				CLANG_WARN_UNREACHABLE_CODE = YES;
				CLANG_WARN__DUPLICATE_METHOD_MATCH = YES;
				CODE_SIGN_IDENTITY = "iPhone Developer";
				COPY_PHASE_STRIP = NO;
				DEBUG_INFORMATION_FORMAT = "dwarf-with-dsym";
				ENABLE_NS_ASSERTIONS = NO;
				ENABLE_STRICT_OBJC_MSGSEND = YES;
				GCC_C_LANGUAGE_STANDARD = gnu11;
				GCC_NO_COMMON_BLOCKS = YES;
				GCC_WARN_64_TO_32_BIT_CONVERSION = YES;
				GCC_WARN_ABOUT_RETURN_TYPE = YES_ERROR;
				GCC_WARN_UNDECLARED_SELECTOR = YES;
				GCC_WARN_UNINITIALIZED_AUTOS = YES_AGGRESSIVE;
				GCC_WARN_UNUSED_FUNCTION = YES;
				GCC_WARN_UNUSED_VARIABLE = YES;
				IPHONEOS_DEPLOYMENT_TARGET = 11.4;
				MTL_ENABLE_DEBUG_INFO = NO;
				MTL_FAST_MATH = YES;
				SDKROOT = iphoneos;
				SWIFT_COMPILATION_MODE = wholemodule;
				SWIFT_OPTIMIZATION_LEVEL = "-O";
				VALIDATE_PRODUCT = YES;
			};
			name = Release;
		};
		DBBBB2EF21F3307600F3C43F /* Debug */ = {
			isa = XCBuildConfiguration;
			buildSettings = {
				ASSETCATALOG_COMPILER_APPICON_NAME = AppIcon;
				CODE_SIGN_STYLE = Automatic;
				INFOPLIST_FILE = WeatherApp/Info.plist;
				LD_RUNPATH_SEARCH_PATHS = (
					"$(inherited)",
					"@executable_path/Frameworks",
				);
				PRODUCT_BUNDLE_IDENTIFIER = ealesid.WeatherApp;
				PRODUCT_NAME = "$(TARGET_NAME)";
				SWIFT_VERSION = 4.2;
				TARGETED_DEVICE_FAMILY = "1,2";
			};
			name = Debug;
		};
		DBBBB2F021F3307600F3C43F /* Release */ = {
			isa = XCBuildConfiguration;
			buildSettings = {
				ASSETCATALOG_COMPILER_APPICON_NAME = AppIcon;
				CODE_SIGN_STYLE = Automatic;
				INFOPLIST_FILE = WeatherApp/Info.plist;
				LD_RUNPATH_SEARCH_PATHS = (
					"$(inherited)",
					"@executable_path/Frameworks",
				);
				PRODUCT_BUNDLE_IDENTIFIER = ealesid.WeatherApp;
				PRODUCT_NAME = "$(TARGET_NAME)";
				SWIFT_VERSION = 4.2;
				TARGETED_DEVICE_FAMILY = "1,2";
			};
			name = Release;
		};
/* End XCBuildConfiguration section */

/* Begin XCConfigurationList section */
		DBBBB2D721F3307200F3C43F /* Build configuration list for PBXProject "WeatherApp" */ = {
			isa = XCConfigurationList;
			buildConfigurations = (
				DBBBB2EC21F3307600F3C43F /* Debug */,
				DBBBB2ED21F3307600F3C43F /* Release */,
			);
			defaultConfigurationIsVisible = 0;
			defaultConfigurationName = Release;
		};
		DBBBB2EE21F3307600F3C43F /* Build configuration list for PBXNativeTarget "WeatherApp" */ = {
			isa = XCConfigurationList;
			buildConfigurations = (
				DBBBB2EF21F3307600F3C43F /* Debug */,
				DBBBB2F021F3307600F3C43F /* Release */,
			);
			defaultConfigurationIsVisible = 0;
			defaultConfigurationName = Release;
		};
/* End XCConfigurationList section */
	};
	rootObject = DBBBB2D421F3307200F3C43F /* Project object */;
}
